PODS:
  - ACKategories (4.0.0)
  - ACKSwinject (0.1.1):
    - Swinject (~> 1.1)
  - Alamofire (4.0.1)
  - Argo (4.0.0):
    - Runes (>= 4.0.0)
  - Curry (3.0.0)
  - HockeySDK (4.1.0):
    - HockeySDK/AllFeaturesLib (= 4.1.0)
  - HockeySDK/AllFeaturesLib (4.1.0)
  - Nimble (5.1.0)
  - Quick (0.10.0)
  - ReactiveCocoa (5.0.0-alpha.2):
    - ReactiveSwift (~> 1.0.0-alpha.3)
  - ReactiveSwift (1.0.0-alpha.3):
    - Result (~> 3.0)
  - Result (3.0.0)
  - Runes (4.0.0)
  - SDWebImage (3.8.1):
    - SDWebImage/Core (= 3.8.1)
  - SDWebImage/Core (3.8.1)
  - SnapKit (3.0.2)
  - SwiftGen (3.0.0)
  - Swinject (1.1.3)
  - TPKeyboardAvoiding (1.3)

DEPENDENCIES:
  - ACKategories (~> 4.0)
  - ACKSwinject (~> 0.1)
  - Alamofire (~> 4.0)
  - Argo (~> 4.0)
  - Curry (~> 3.0)
  - HockeySDK (~> 4.1)
  - Nimble (~> 5.1)
  - Quick (~> 0.10)
  - ReactiveCocoa (= 5.0.0-alpha.2)
  - ReactiveSwift (= 1.0.0-alpha.3)
  - SDWebImage (~> 3.8)
  - SnapKit (~> 3.0)
  - SwiftGen (~> 3.0)
  - TPKeyboardAvoiding (~> 1.3)

SPEC CHECKSUMS:
  ACKategories: 951e12ce64b884a220d4939027954f270f54b3f5
  ACKSwinject: b3bc912eb686b9bc46e76b33e3237a58ddbd85c4
  Alamofire: 7682d43245de14874acd142ec137b144aa1dd335
  Argo: e808d20ee2e95c4498276ca1812d75d3b0b00090
  Curry: eb3d2c75aec678b3cc7fb2729d2ad6dd121531d1
  HockeySDK: 1249d4f1b3a9ce537a1517805bcf6fe121099d16
  Nimble: 5ea121a2eda60440287054cde077fc0ad22227b3
  Quick: 5d290df1c69d5ee2f0729956dcf0fd9a30447eaa
  ReactiveCocoa: 14a6358d1009c90c3078bc352ce84c102b78c45e
  ReactiveSwift: d67b677f9574ba614d94022a88fcf456e77fa515
  Result: 1b3e431f37cbcd3ad89c6aa9ab0ae55515fae3b6
  Runes: 423ee2dac4dedb4626a859c0962c934195ba8433
  SDWebImage: 35f9627a3e44b4f292a8a8ce6a531fa488239b91
  SnapKit: 2e456761aa92d4d4067a7a5594c18769d451a8ad
  SwiftGen: f679cd0ed4173a5da3b01efd0da23542bf82f6ab
  Swinject: 69273c2419f93d52603c3a546f5d2792ee1a5e98
  TPKeyboardAvoiding: a5138f318c06fb3e151f886e18ce4a72695d9cbe

PODFILE CHECKSUM: 5e9f2e1a08f1d843ba9a28f196de4a88d4bc350a

COCOAPODS: 1.1.1
