PODS:
  - ACKLocalization (0.2.2)
  - Smartling.i18n (1.0.14)
  - SwiftGen (5.3.0)
  - SwiftLint (0.25.1)

DEPENDENCIES:
  - ACKLocalization (~> 0.2)
  - Smartling.i18n (~> 1.0)
  - SwiftGen (~> 5.2)
  - SwiftLint (~> 0.24)

SPEC REPOS:
  https://github.com/cocoapods/specs.git:
    - ACKLocalization
    - Smartling.i18n
    - SwiftGen
    - SwiftLint

SPEC CHECKSUMS:
  ACKLocalization: 8368afc5022a5eba5daaef25f00e35745e45497e
  Smartling.i18n: 0d508b89a2a12f0e070e6369e4dcdcf46ae2d59f
  SwiftGen: 4379bd3640b0a212a0f6ea3c494adba385513d10
  SwiftLint: ce933681be10c3266e82576dad676fa815a602e9

PODFILE CHECKSUM: b6c561fba596e7b12a0fd3f8e7363ab69add3113

COCOAPODS: 1.5.2
